// !$*UTF8*$!
{
	archiveVersion = 1;
	classes = {
	};
	objectVersion = 50;
	objects = {

/* Begin PBXBuildFile section */
		300B51042640AD22003AD7E8 /* WidgetKit.framework in Frameworks */ = {isa = PBXBuildFile; fileRef = 300B51032640AD22003AD7E8 /* WidgetKit.framework */; };
		300B51062640AD22003AD7E8 /* SwiftUI.framework in Frameworks */ = {isa = PBXBuildFile; fileRef = 300B51052640AD22003AD7E8 /* SwiftUI.framework */; };
		300B51092640AD22003AD7E8 /* WorkoutCompanionWidget.swift in Sources */ = {isa = PBXBuildFile; fileRef = 300B51082640AD22003AD7E8 /* WorkoutCompanionWidget.swift */; };
		300B510C2640AD25003AD7E8 /* Assets.xcassets in Resources */ = {isa = PBXBuildFile; fileRef = 300B510B2640AD25003AD7E8 /* Assets.xcassets */; };
		300B510E2640AD25003AD7E8 /* WorkoutCompanionWidget.intentdefinition in Sources */ = {isa = PBXBuildFile; fileRef = 300B510A2640AD23003AD7E8 /* WorkoutCompanionWidget.intentdefinition */; };
		300B510F2640AD25003AD7E8 /* WorkoutCompanionWidget.intentdefinition in Sources */ = {isa = PBXBuildFile; fileRef = 300B510A2640AD23003AD7E8 /* WorkoutCompanionWidget.intentdefinition */; };
		300B51122640AD25003AD7E8 /* WorkoutCompanionWidgetExtension.appex in Embed App Extensions */ = {isa = PBXBuildFile; fileRef = 300B51022640AD22003AD7E8 /* WorkoutCompanionWidgetExtension.appex */; settings = {ATTRIBUTES = (RemoveHeadersOnCopy, ); }; };
		300B51172640AF9E003AD7E8 /* WeekWorkoutsWidget.swift in Sources */ = {isa = PBXBuildFile; fileRef = 300C4EF726395A9F007F60CC /* WeekWorkoutsWidget.swift */; };
		300B51182640AFB4003AD7E8 /* WeekWorkoutDays.swift in Sources */ = {isa = PBXBuildFile; fileRef = 3023F93A263D74FE00405A24 /* WeekWorkoutDays.swift */; };
		300B51192640AFB4003AD7E8 /* MapWorkout.swift in Sources */ = {isa = PBXBuildFile; fileRef = 3023F93E263D79FF00405A24 /* MapWorkout.swift */; };
		300B511A2640AFB4003AD7E8 /* WorkoutDay.swift in Sources */ = {isa = PBXBuildFile; fileRef = 3023F938263D67BE00405A24 /* WorkoutDay.swift */; };
		300B511B2640B01A003AD7E8 /* MKCoordinateRegion+extensions.swift in Sources */ = {isa = PBXBuildFile; fileRef = 307B7A1A263AB7E300A7F003 /* MKCoordinateRegion+extensions.swift */; };
		300B511C2640B01A003AD7E8 /* View+extensions.swift in Sources */ = {isa = PBXBuildFile; fileRef = 3074ADB1263A0C6400DEB49A /* View+extensions.swift */; };
		300B511D2640B01A003AD7E8 /* Date+extensions.swift in Sources */ = {isa = PBXBuildFile; fileRef = 300C4EFC26395AE9007F60CC /* Date+extensions.swift */; };
		300B511E2640B27E003AD7E8 /* Assets.xcassets in Resources */ = {isa = PBXBuildFile; fileRef = 30EBEB4826376F5500A4E9AB /* Assets.xcassets */; };
		300C4EF826395A9F007F60CC /* WeekWorkoutsWidget.swift in Sources */ = {isa = PBXBuildFile; fileRef = 300C4EF726395A9F007F60CC /* WeekWorkoutsWidget.swift */; };
		300C4EFD26395AE9007F60CC /* Date+extensions.swift in Sources */ = {isa = PBXBuildFile; fileRef = 300C4EFC26395AE9007F60CC /* Date+extensions.swift */; };
		3023F939263D67BE00405A24 /* WorkoutDay.swift in Sources */ = {isa = PBXBuildFile; fileRef = 3023F938263D67BE00405A24 /* WorkoutDay.swift */; };
		3023F93B263D74FE00405A24 /* WeekWorkoutDays.swift in Sources */ = {isa = PBXBuildFile; fileRef = 3023F93A263D74FE00405A24 /* WeekWorkoutDays.swift */; };
		3023F93F263D79FF00405A24 /* MapWorkout.swift in Sources */ = {isa = PBXBuildFile; fileRef = 3023F93E263D79FF00405A24 /* MapWorkout.swift */; };
		3024CDB7263DAF5E004B8648 /* HealthKit.framework in Frameworks */ = {isa = PBXBuildFile; fileRef = 307B7A18263AACB900A7F003 /* HealthKit.framework */; };
		304917FD26387F7600AB1C1B /* WorkoutManager.swift in Sources */ = {isa = PBXBuildFile; fileRef = 304917FC26387F7600AB1C1B /* WorkoutManager.swift */; };
		304A9CD22640B6CE00E883F8 /* WorkoutManager.swift in Sources */ = {isa = PBXBuildFile; fileRef = 304917FC26387F7600AB1C1B /* WorkoutManager.swift */; };
		3074ADB2263A0C6400DEB49A /* View+extensions.swift in Sources */ = {isa = PBXBuildFile; fileRef = 3074ADB1263A0C6400DEB49A /* View+extensions.swift */; };
		307B7A15263AA3D300A7F003 /* MapWorkoutWidget.swift in Sources */ = {isa = PBXBuildFile; fileRef = 307B7A14263AA3D300A7F003 /* MapWorkoutWidget.swift */; };
		307B7A1B263AB7E300A7F003 /* MKCoordinateRegion+extensions.swift in Sources */ = {isa = PBXBuildFile; fileRef = 307B7A1A263AB7E300A7F003 /* MKCoordinateRegion+extensions.swift */; };
		3086E433263DDB8B00843006 /* WorkoutWidgets.swift in Sources */ = {isa = PBXBuildFile; fileRef = 3086E432263DDB8B00843006 /* WorkoutWidgets.swift */; };
		3086E435263DDE8600843006 /* Menu.swift in Sources */ = {isa = PBXBuildFile; fileRef = 3086E434263DDE8600843006 /* Menu.swift */; };
		30EBEB4526376F5400A4E9AB /* Workout_CompanionApp.swift in Sources */ = {isa = PBXBuildFile; fileRef = 30EBEB4426376F5400A4E9AB /* Workout_CompanionApp.swift */; };
		30EBEB4726376F5400A4E9AB /* ContentView.swift in Sources */ = {isa = PBXBuildFile; fileRef = 30EBEB4626376F5400A4E9AB /* ContentView.swift */; };
		30EBEB4926376F5500A4E9AB /* Assets.xcassets in Resources */ = {isa = PBXBuildFile; fileRef = 30EBEB4826376F5500A4E9AB /* Assets.xcassets */; };
		30EBEB4C26376F5500A4E9AB /* Preview Assets.xcassets in Resources */ = {isa = PBXBuildFile; fileRef = 30EBEB4B26376F5500A4E9AB /* Preview Assets.xcassets */; };
/* End PBXBuildFile section */

/* Begin PBXContainerItemProxy section */
		300B51102640AD25003AD7E8 /* PBXContainerItemProxy */ = {
			isa = PBXContainerItemProxy;
			containerPortal = 30EBEB3926376F5400A4E9AB /* Project object */;
			proxyType = 1;
			remoteGlobalIDString = 300B51012640AD22003AD7E8;
			remoteInfo = WorkoutCompanionWidgetExtension;
		};
/* End PBXContainerItemProxy section */

/* Begin PBXCopyFilesBuildPhase section */
		300B51132640AD25003AD7E8 /* Embed App Extensions */ = {
			isa = PBXCopyFilesBuildPhase;
			buildActionMask = 2147483647;
			dstPath = "";
			dstSubfolderSpec = 13;
			files = (
				300B51122640AD25003AD7E8 /* WorkoutCompanionWidgetExtension.appex in Embed App Extensions */,
			);
			name = "Embed App Extensions";
			runOnlyForDeploymentPostprocessing = 0;
		};
/* End PBXCopyFilesBuildPhase section */

/* Begin PBXFileReference section */
		300B51022640AD22003AD7E8 /* WorkoutCompanionWidgetExtension.appex */ = {isa = PBXFileReference; explicitFileType = "wrapper.app-extension"; includeInIndex = 0; path = WorkoutCompanionWidgetExtension.appex; sourceTree = BUILT_PRODUCTS_DIR; };
		300B51032640AD22003AD7E8 /* WidgetKit.framework */ = {isa = PBXFileReference; lastKnownFileType = wrapper.framework; name = WidgetKit.framework; path = System/Library/Frameworks/WidgetKit.framework; sourceTree = SDKROOT; };
		300B51052640AD22003AD7E8 /* SwiftUI.framework */ = {isa = PBXFileReference; lastKnownFileType = wrapper.framework; name = SwiftUI.framework; path = System/Library/Frameworks/SwiftUI.framework; sourceTree = SDKROOT; };
		300B51082640AD22003AD7E8 /* WorkoutCompanionWidget.swift */ = {isa = PBXFileReference; lastKnownFileType = sourcecode.swift; path = WorkoutCompanionWidget.swift; sourceTree = "<group>"; };
		300B510A2640AD23003AD7E8 /* WorkoutCompanionWidget.intentdefinition */ = {isa = PBXFileReference; lastKnownFileType = file.intentdefinition; path = WorkoutCompanionWidget.intentdefinition; sourceTree = "<group>"; };
		300B510B2640AD25003AD7E8 /* Assets.xcassets */ = {isa = PBXFileReference; lastKnownFileType = folder.assetcatalog; path = Assets.xcassets; sourceTree = "<group>"; };
		300B510D2640AD25003AD7E8 /* Info.plist */ = {isa = PBXFileReference; lastKnownFileType = text.plist.xml; path = Info.plist; sourceTree = "<group>"; };
		300C4EF726395A9F007F60CC /* WeekWorkoutsWidget.swift */ = {isa = PBXFileReference; lastKnownFileType = sourcecode.swift; path = WeekWorkoutsWidget.swift; sourceTree = "<group>"; };
		300C4EFC26395AE9007F60CC /* Date+extensions.swift */ = {isa = PBXFileReference; lastKnownFileType = sourcecode.swift; path = "Date+extensions.swift"; sourceTree = "<group>"; };
		3023F938263D67BE00405A24 /* WorkoutDay.swift */ = {isa = PBXFileReference; lastKnownFileType = sourcecode.swift; path = WorkoutDay.swift; sourceTree = "<group>"; };
		3023F93A263D74FE00405A24 /* WeekWorkoutDays.swift */ = {isa = PBXFileReference; lastKnownFileType = sourcecode.swift; path = WeekWorkoutDays.swift; sourceTree = "<group>"; };
		3023F93E263D79FF00405A24 /* MapWorkout.swift */ = {isa = PBXFileReference; lastKnownFileType = sourcecode.swift; path = MapWorkout.swift; sourceTree = "<group>"; };
		304917FC26387F7600AB1C1B /* WorkoutManager.swift */ = {isa = PBXFileReference; lastKnownFileType = sourcecode.swift; path = WorkoutManager.swift; sourceTree = "<group>"; };
		3074ADB1263A0C6400DEB49A /* View+extensions.swift */ = {isa = PBXFileReference; lastKnownFileType = sourcecode.swift; path = "View+extensions.swift"; sourceTree = "<group>"; };
		307B7A14263AA3D300A7F003 /* MapWorkoutWidget.swift */ = {isa = PBXFileReference; lastKnownFileType = sourcecode.swift; path = MapWorkoutWidget.swift; sourceTree = "<group>"; };
		307B7A16263AACB900A7F003 /* Workout Companion.entitlements */ = {isa = PBXFileReference; lastKnownFileType = text.plist.entitlements; path = "Workout Companion.entitlements"; sourceTree = "<group>"; };
		307B7A18263AACB900A7F003 /* HealthKit.framework */ = {isa = PBXFileReference; lastKnownFileType = wrapper.framework; name = HealthKit.framework; path = System/Library/Frameworks/HealthKit.framework; sourceTree = SDKROOT; };
		307B7A1A263AB7E300A7F003 /* MKCoordinateRegion+extensions.swift */ = {isa = PBXFileReference; lastKnownFileType = sourcecode.swift; path = "MKCoordinateRegion+extensions.swift"; sourceTree = "<group>"; };
		3086E432263DDB8B00843006 /* WorkoutWidgets.swift */ = {isa = PBXFileReference; lastKnownFileType = sourcecode.swift; path = WorkoutWidgets.swift; sourceTree = "<group>"; };
		3086E434263DDE8600843006 /* Menu.swift */ = {isa = PBXFileReference; lastKnownFileType = sourcecode.swift; path = Menu.swift; sourceTree = "<group>"; };
		30EBEB4126376F5400A4E9AB /* Workout Companion.app */ = {isa = PBXFileReference; explicitFileType = wrapper.application; includeInIndex = 0; path = "Workout Companion.app"; sourceTree = BUILT_PRODUCTS_DIR; };
		30EBEB4426376F5400A4E9AB /* Workout_CompanionApp.swift */ = {isa = PBXFileReference; lastKnownFileType = sourcecode.swift; path = Workout_CompanionApp.swift; sourceTree = "<group>"; };
		30EBEB4626376F5400A4E9AB /* ContentView.swift */ = {isa = PBXFileReference; lastKnownFileType = sourcecode.swift; path = ContentView.swift; sourceTree = "<group>"; };
		30EBEB4826376F5500A4E9AB /* Assets.xcassets */ = {isa = PBXFileReference; lastKnownFileType = folder.assetcatalog; path = Assets.xcassets; sourceTree = "<group>"; };
		30EBEB4B26376F5500A4E9AB /* Preview Assets.xcassets */ = {isa = PBXFileReference; lastKnownFileType = folder.assetcatalog; path = "Preview Assets.xcassets"; sourceTree = "<group>"; };
		30EBEB4D26376F5500A4E9AB /* Info.plist */ = {isa = PBXFileReference; lastKnownFileType = text.plist.xml; path = Info.plist; sourceTree = "<group>"; };
/* End PBXFileReference section */

/* Begin PBXFrameworksBuildPhase section */
		300B50FF2640AD22003AD7E8 /* Frameworks */ = {
			isa = PBXFrameworksBuildPhase;
			buildActionMask = 2147483647;
			files = (
				300B51062640AD22003AD7E8 /* SwiftUI.framework in Frameworks */,
				300B51042640AD22003AD7E8 /* WidgetKit.framework in Frameworks */,
			);
			runOnlyForDeploymentPostprocessing = 0;
		};
		30EBEB3E26376F5400A4E9AB /* Frameworks */ = {
			isa = PBXFrameworksBuildPhase;
			buildActionMask = 2147483647;
			files = (
				3024CDB7263DAF5E004B8648 /* HealthKit.framework in Frameworks */,
			);
			runOnlyForDeploymentPostprocessing = 0;
		};
/* End PBXFrameworksBuildPhase section */

/* Begin PBXGroup section */
		300B51072640AD22003AD7E8 /* WorkoutCompanionWidget */ = {
			isa = PBXGroup;
			children = (
				300B51082640AD22003AD7E8 /* WorkoutCompanionWidget.swift */,
				300B510A2640AD23003AD7E8 /* WorkoutCompanionWidget.intentdefinition */,
				300B510B2640AD25003AD7E8 /* Assets.xcassets */,
				300B510D2640AD25003AD7E8 /* Info.plist */,
			);
			path = WorkoutCompanionWidget;
			sourceTree = "<group>";
		};
		300C4EFB26395AD8007F60CC /* Extensions */ = {
			isa = PBXGroup;
			children = (
				300C4EFC26395AE9007F60CC /* Date+extensions.swift */,
				3074ADB1263A0C6400DEB49A /* View+extensions.swift */,
				307B7A1A263AB7E300A7F003 /* MKCoordinateRegion+extensions.swift */,
			);
			path = Extensions;
			sourceTree = "<group>";
		};
		3023F937263D679D00405A24 /* Models */ = {
			isa = PBXGroup;
			children = (
				3023F938263D67BE00405A24 /* WorkoutDay.swift */,
				3023F93A263D74FE00405A24 /* WeekWorkoutDays.swift */,
				3023F93E263D79FF00405A24 /* MapWorkout.swift */,
				3086E434263DDE8600843006 /* Menu.swift */,
			);
			path = Models;
			sourceTree = "<group>";
		};
		3023F93C263D799100405A24 /* Views */ = {
			isa = PBXGroup;
			children = (
				30EBEB4626376F5400A4E9AB /* ContentView.swift */,
				3086E432263DDB8B00843006 /* WorkoutWidgets.swift */,
				300C4EF726395A9F007F60CC /* WeekWorkoutsWidget.swift */,
				307B7A14263AA3D300A7F003 /* MapWorkoutWidget.swift */,
			);
			path = Views;
			sourceTree = "<group>";
		};
		3023F93D263D79A600405A24 /* Data */ = {
			isa = PBXGroup;
			children = (
				304917FC26387F7600AB1C1B /* WorkoutManager.swift */,
			);
			path = Data;
			sourceTree = "<group>";
		};
		307B7A17263AACB900A7F003 /* Frameworks */ = {
			isa = PBXGroup;
			children = (
				307B7A18263AACB900A7F003 /* HealthKit.framework */,
				300B51032640AD22003AD7E8 /* WidgetKit.framework */,
				300B51052640AD22003AD7E8 /* SwiftUI.framework */,
			);
			name = Frameworks;
			sourceTree = "<group>";
		};
		30EBEB3826376F5400A4E9AB = {
			isa = PBXGroup;
			children = (
				30EBEB4326376F5400A4E9AB /* Workout Companion */,
				300B51072640AD22003AD7E8 /* WorkoutCompanionWidget */,
				30EBEB4226376F5400A4E9AB /* Products */,
				307B7A17263AACB900A7F003 /* Frameworks */,
			);
			sourceTree = "<group>";
		};
		30EBEB4226376F5400A4E9AB /* Products */ = {
			isa = PBXGroup;
			children = (
				30EBEB4126376F5400A4E9AB /* Workout Companion.app */,
				300B51022640AD22003AD7E8 /* WorkoutCompanionWidgetExtension.appex */,
			);
			name = Products;
			sourceTree = "<group>";
		};
		30EBEB4326376F5400A4E9AB /* Workout Companion */ = {
			isa = PBXGroup;
			children = (
				300C4EFB26395AD8007F60CC /* Extensions */,
				30EBEB4426376F5400A4E9AB /* Workout_CompanionApp.swift */,
				3023F93D263D79A600405A24 /* Data */,
				3023F93C263D799100405A24 /* Views */,
				3023F937263D679D00405A24 /* Models */,
				307B7A16263AACB900A7F003 /* Workout Companion.entitlements */,
				30EBEB4826376F5500A4E9AB /* Assets.xcassets */,
				30EBEB4D26376F5500A4E9AB /* Info.plist */,
				30EBEB4A26376F5500A4E9AB /* Preview Content */,
			);
			path = "Workout Companion";
			sourceTree = "<group>";
		};
		30EBEB4A26376F5500A4E9AB /* Preview Content */ = {
			isa = PBXGroup;
			children = (
				30EBEB4B26376F5500A4E9AB /* Preview Assets.xcassets */,
			);
			path = "Preview Content";
			sourceTree = "<group>";
		};
/* End PBXGroup section */

/* Begin PBXNativeTarget section */
		300B51012640AD22003AD7E8 /* WorkoutCompanionWidgetExtension */ = {
			isa = PBXNativeTarget;
			buildConfigurationList = 300B51162640AD25003AD7E8 /* Build configuration list for PBXNativeTarget "WorkoutCompanionWidgetExtension" */;
			buildPhases = (
				300B50FE2640AD22003AD7E8 /* Sources */,
				300B50FF2640AD22003AD7E8 /* Frameworks */,
				300B51002640AD22003AD7E8 /* Resources */,
			);
			buildRules = (
			);
			dependencies = (
			);
			name = WorkoutCompanionWidgetExtension;
			productName = WorkoutCompanionWidgetExtension;
			productReference = 300B51022640AD22003AD7E8 /* WorkoutCompanionWidgetExtension.appex */;
			productType = "com.apple.product-type.app-extension";
		};
		30EBEB4026376F5400A4E9AB /* Workout Companion */ = {
			isa = PBXNativeTarget;
			buildConfigurationList = 30EBEB5026376F5500A4E9AB /* Build configuration list for PBXNativeTarget "Workout Companion" */;
			buildPhases = (
				30EBEB3D26376F5400A4E9AB /* Sources */,
				30EBEB3E26376F5400A4E9AB /* Frameworks */,
				30EBEB3F26376F5400A4E9AB /* Resources */,
				300B51132640AD25003AD7E8 /* Embed App Extensions */,
			);
			buildRules = (
			);
			dependencies = (
				300B51112640AD25003AD7E8 /* PBXTargetDependency */,
			);
			name = "Workout Companion";
			productName = "Workout Companion";
			productReference = 30EBEB4126376F5400A4E9AB /* Workout Companion.app */;
			productType = "com.apple.product-type.application";
		};
/* End PBXNativeTarget section */

/* Begin PBXProject section */
		30EBEB3926376F5400A4E9AB /* Project object */ = {
			isa = PBXProject;
			attributes = {
				LastSwiftUpdateCheck = 1250;
				LastUpgradeCheck = 1240;
				TargetAttributes = {
					300B51012640AD22003AD7E8 = {
						CreatedOnToolsVersion = 12.5;
					};
					30EBEB4026376F5400A4E9AB = {
						CreatedOnToolsVersion = 12.4;
					};
				};
			};
			buildConfigurationList = 30EBEB3C26376F5400A4E9AB /* Build configuration list for PBXProject "Workout Companion" */;
			compatibilityVersion = "Xcode 9.3";
			developmentRegion = en;
			hasScannedForEncodings = 0;
			knownRegions = (
				en,
				Base,
			);
			mainGroup = 30EBEB3826376F5400A4E9AB;
			productRefGroup = 30EBEB4226376F5400A4E9AB /* Products */;
			projectDirPath = "";
			projectRoot = "";
			targets = (
				30EBEB4026376F5400A4E9AB /* Workout Companion */,
				300B51012640AD22003AD7E8 /* WorkoutCompanionWidgetExtension */,
			);
		};
/* End PBXProject section */

/* Begin PBXResourcesBuildPhase section */
		300B51002640AD22003AD7E8 /* Resources */ = {
			isa = PBXResourcesBuildPhase;
			buildActionMask = 2147483647;
			files = (
				300B511E2640B27E003AD7E8 /* Assets.xcassets in Resources */,
				300B510C2640AD25003AD7E8 /* Assets.xcassets in Resources */,
			);
			runOnlyForDeploymentPostprocessing = 0;
		};
		30EBEB3F26376F5400A4E9AB /* Resources */ = {
			isa = PBXResourcesBuildPhase;
			buildActionMask = 2147483647;
			files = (
				30EBEB4C26376F5500A4E9AB /* Preview Assets.xcassets in Resources */,
				30EBEB4926376F5500A4E9AB /* Assets.xcassets in Resources */,
			);
			runOnlyForDeploymentPostprocessing = 0;
		};
/* End PBXResourcesBuildPhase section */

/* Begin PBXSourcesBuildPhase section */
		300B50FE2640AD22003AD7E8 /* Sources */ = {
			isa = PBXSourcesBuildPhase;
			buildActionMask = 2147483647;
			files = (
				300B51182640AFB4003AD7E8 /* WeekWorkoutDays.swift in Sources */,
				300B511B2640B01A003AD7E8 /* MKCoordinateRegion+extensions.swift in Sources */,
				300B51092640AD22003AD7E8 /* WorkoutCompanionWidget.swift in Sources */,
				300B511D2640B01A003AD7E8 /* Date+extensions.swift in Sources */,
				300B511A2640AFB4003AD7E8 /* WorkoutDay.swift in Sources */,
				300B510E2640AD25003AD7E8 /* WorkoutCompanionWidget.intentdefinition in Sources */,
				300B51192640AFB4003AD7E8 /* MapWorkout.swift in Sources */,
				304A9CD22640B6CE00E883F8 /* WorkoutManager.swift in Sources */,
				300B511C2640B01A003AD7E8 /* View+extensions.swift in Sources */,
				300B51172640AF9E003AD7E8 /* WeekWorkoutsWidget.swift in Sources */,
			);
			runOnlyForDeploymentPostprocessing = 0;
		};
		30EBEB3D26376F5400A4E9AB /* Sources */ = {
			isa = PBXSourcesBuildPhase;
			buildActionMask = 2147483647;
			files = (
				300C4EFD26395AE9007F60CC /* Date+extensions.swift in Sources */,
				3023F93B263D74FE00405A24 /* WeekWorkoutDays.swift in Sources */,
				30EBEB4726376F5400A4E9AB /* ContentView.swift in Sources */,
				3023F939263D67BE00405A24 /* WorkoutDay.swift in Sources */,
				307B7A15263AA3D300A7F003 /* MapWorkoutWidget.swift in Sources */,
				300C4EF826395A9F007F60CC /* WeekWorkoutsWidget.swift in Sources */,
				30EBEB4526376F5400A4E9AB /* Workout_CompanionApp.swift in Sources */,
				307B7A1B263AB7E300A7F003 /* MKCoordinateRegion+extensions.swift in Sources */,
				3023F93F263D79FF00405A24 /* MapWorkout.swift in Sources */,
				3086E435263DDE8600843006 /* Menu.swift in Sources */,
				3086E433263DDB8B00843006 /* WorkoutWidgets.swift in Sources */,
				3074ADB2263A0C6400DEB49A /* View+extensions.swift in Sources */,
				304917FD26387F7600AB1C1B /* WorkoutManager.swift in Sources */,
				300B510F2640AD25003AD7E8 /* WorkoutCompanionWidget.intentdefinition in Sources */,
			);
			runOnlyForDeploymentPostprocessing = 0;
		};
/* End PBXSourcesBuildPhase section */

/* Begin PBXTargetDependency section */
		300B51112640AD25003AD7E8 /* PBXTargetDependency */ = {
			isa = PBXTargetDependency;
			target = 300B51012640AD22003AD7E8 /* WorkoutCompanionWidgetExtension */;
			targetProxy = 300B51102640AD25003AD7E8 /* PBXContainerItemProxy */;
		};
/* End PBXTargetDependency section */

/* Begin XCBuildConfiguration section */
		300B51142640AD25003AD7E8 /* Debug */ = {
			isa = XCBuildConfiguration;
			buildSettings = {
				ASSETCATALOG_COMPILER_GLOBAL_ACCENT_COLOR_NAME = AccentColor;
				ASSETCATALOG_COMPILER_WIDGET_BACKGROUND_COLOR_NAME = WidgetBackground;
				CODE_SIGN_IDENTITY = "Apple Development";
				CODE_SIGN_STYLE = Automatic;
				DEVELOPMENT_TEAM = 4WZFDA97N8;
				INFOPLIST_FILE = WorkoutCompanionWidget/Info.plist;
				IPHONEOS_DEPLOYMENT_TARGET = 14.1;
				LD_RUNPATH_SEARCH_PATHS = (
					"$(inherited)",
					"@executable_path/Frameworks",
					"@executable_path/../../Frameworks",
				);
				PRODUCT_BUNDLE_IDENTIFIER = "MEZ.Workout-Companion.WorkoutCompanionWidget";
				PRODUCT_NAME = "$(TARGET_NAME)";
				PROVISIONING_PROFILE_SPECIFIER = "";
				SKIP_INSTALL = YES;
				SWIFT_VERSION = 5.0;
				TARGETED_DEVICE_FAMILY = "1,2";
			};
			name = Debug;
		};
		300B51152640AD25003AD7E8 /* Release */ = {
			isa = XCBuildConfiguration;
			buildSettings = {
				ASSETCATALOG_COMPILER_GLOBAL_ACCENT_COLOR_NAME = AccentColor;
				ASSETCATALOG_COMPILER_WIDGET_BACKGROUND_COLOR_NAME = WidgetBackground;
				CODE_SIGN_IDENTITY = "Apple Development";
				CODE_SIGN_STYLE = Automatic;
				DEVELOPMENT_TEAM = 4WZFDA97N8;
				INFOPLIST_FILE = WorkoutCompanionWidget/Info.plist;
				IPHONEOS_DEPLOYMENT_TARGET = 14.1;
				LD_RUNPATH_SEARCH_PATHS = (
					"$(inherited)",
					"@executable_path/Frameworks",
					"@executable_path/../../Frameworks",
				);
				PRODUCT_BUNDLE_IDENTIFIER = "MEZ.Workout-Companion.WorkoutCompanionWidget";
				PRODUCT_NAME = "$(TARGET_NAME)";
				PROVISIONING_PROFILE_SPECIFIER = "";
				SKIP_INSTALL = YES;
				SWIFT_VERSION = 5.0;
				TARGETED_DEVICE_FAMILY = "1,2";
			};
			name = Release;
		};
		30EBEB4E26376F5500A4E9AB /* Debug */ = {
			isa = XCBuildConfiguration;
			buildSettings = {
				ALWAYS_SEARCH_USER_PATHS = NO;
				CLANG_ANALYZER_NONNULL = YES;
				CLANG_ANALYZER_NUMBER_OBJECT_CONVERSION = YES_AGGRESSIVE;
				CLANG_CXX_LANGUAGE_STANDARD = "gnu++14";
				CLANG_CXX_LIBRARY = "libc++";
				CLANG_ENABLE_MODULES = YES;
				CLANG_ENABLE_OBJC_ARC = YES;
				CLANG_ENABLE_OBJC_WEAK = YES;
				CLANG_WARN_BLOCK_CAPTURE_AUTORELEASING = YES;
				CLANG_WARN_BOOL_CONVERSION = YES;
				CLANG_WARN_COMMA = YES;
				CLANG_WARN_CONSTANT_CONVERSION = YES;
				CLANG_WARN_DEPRECATED_OBJC_IMPLEMENTATIONS = YES;
				CLANG_WARN_DIRECT_OBJC_ISA_USAGE = YES_ERROR;
				CLANG_WARN_DOCUMENTATION_COMMENTS = YES;
				CLANG_WARN_EMPTY_BODY = YES;
				CLANG_WARN_ENUM_CONVERSION = YES;
				CLANG_WARN_INFINITE_RECURSION = YES;
				CLANG_WARN_INT_CONVERSION = YES;
				CLANG_WARN_NON_LITERAL_NULL_CONVERSION = YES;
				CLANG_WARN_OBJC_IMPLICIT_RETAIN_SELF = YES;
				CLANG_WARN_OBJC_LITERAL_CONVERSION = YES;
				CLANG_WARN_OBJC_ROOT_CLASS = YES_ERROR;
				CLANG_WARN_QUOTED_INCLUDE_IN_FRAMEWORK_HEADER = YES;
				CLANG_WARN_RANGE_LOOP_ANALYSIS = YES;
				CLANG_WARN_STRICT_PROTOTYPES = YES;
				CLANG_WARN_SUSPICIOUS_MOVE = YES;
				CLANG_WARN_UNGUARDED_AVAILABILITY = YES_AGGRESSIVE;
				CLANG_WARN_UNREACHABLE_CODE = YES;
				CLANG_WARN__DUPLICATE_METHOD_MATCH = YES;
				COPY_PHASE_STRIP = NO;
				DEBUG_INFORMATION_FORMAT = dwarf;
				ENABLE_STRICT_OBJC_MSGSEND = YES;
				ENABLE_TESTABILITY = YES;
				GCC_C_LANGUAGE_STANDARD = gnu11;
				GCC_DYNAMIC_NO_PIC = NO;
				GCC_NO_COMMON_BLOCKS = YES;
				GCC_OPTIMIZATION_LEVEL = 0;
				GCC_PREPROCESSOR_DEFINITIONS = (
					"DEBUG=1",
					"$(inherited)",
				);
				GCC_WARN_64_TO_32_BIT_CONVERSION = YES;
				GCC_WARN_ABOUT_RETURN_TYPE = YES_ERROR;
				GCC_WARN_UNDECLARED_SELECTOR = YES;
				GCC_WARN_UNINITIALIZED_AUTOS = YES_AGGRESSIVE;
				GCC_WARN_UNUSED_FUNCTION = YES;
				GCC_WARN_UNUSED_VARIABLE = YES;
				IPHONEOS_DEPLOYMENT_TARGET = 14.4;
				MTL_ENABLE_DEBUG_INFO = INCLUDE_SOURCE;
				MTL_FAST_MATH = YES;
				ONLY_ACTIVE_ARCH = YES;
				SDKROOT = iphoneos;
				SWIFT_ACTIVE_COMPILATION_CONDITIONS = DEBUG;
				SWIFT_OPTIMIZATION_LEVEL = "-Onone";
			};
			name = Debug;
		};
		30EBEB4F26376F5500A4E9AB /* Release */ = {
			isa = XCBuildConfiguration;
			buildSettings = {
				ALWAYS_SEARCH_USER_PATHS = NO;
				CLANG_ANALYZER_NONNULL = YES;
				CLANG_ANALYZER_NUMBER_OBJECT_CONVERSION = YES_AGGRESSIVE;
				CLANG_CXX_LANGUAGE_STANDARD = "gnu++14";
				CLANG_CXX_LIBRARY = "libc++";
				CLANG_ENABLE_MODULES = YES;
				CLANG_ENABLE_OBJC_ARC = YES;
				CLANG_ENABLE_OBJC_WEAK = YES;
				CLANG_WARN_BLOCK_CAPTURE_AUTORELEASING = YES;
				CLANG_WARN_BOOL_CONVERSION = YES;
				CLANG_WARN_COMMA = YES;
				CLANG_WARN_CONSTANT_CONVERSION = YES;
				CLANG_WARN_DEPRECATED_OBJC_IMPLEMENTATIONS = YES;
				CLANG_WARN_DIRECT_OBJC_ISA_USAGE = YES_ERROR;
				CLANG_WARN_DOCUMENTATION_COMMENTS = YES;
				CLANG_WARN_EMPTY_BODY = YES;
				CLANG_WARN_ENUM_CONVERSION = YES;
				CLANG_WARN_INFINITE_RECURSION = YES;
				CLANG_WARN_INT_CONVERSION = YES;
				CLANG_WARN_NON_LITERAL_NULL_CONVERSION = YES;
				CLANG_WARN_OBJC_IMPLICIT_RETAIN_SELF = YES;
				CLANG_WARN_OBJC_LITERAL_CONVERSION = YES;
				CLANG_WARN_OBJC_ROOT_CLASS = YES_ERROR;
				CLANG_WARN_QUOTED_INCLUDE_IN_FRAMEWORK_HEADER = YES;
				CLANG_WARN_RANGE_LOOP_ANALYSIS = YES;
				CLANG_WARN_STRICT_PROTOTYPES = YES;
				CLANG_WARN_SUSPICIOUS_MOVE = YES;
				CLANG_WARN_UNGUARDED_AVAILABILITY = YES_AGGRESSIVE;
				CLANG_WARN_UNREACHABLE_CODE = YES;
				CLANG_WARN__DUPLICATE_METHOD_MATCH = YES;
				COPY_PHASE_STRIP = NO;
				DEBUG_INFORMATION_FORMAT = "dwarf-with-dsym";
				ENABLE_NS_ASSERTIONS = NO;
				ENABLE_STRICT_OBJC_MSGSEND = YES;
				GCC_C_LANGUAGE_STANDARD = gnu11;
				GCC_NO_COMMON_BLOCKS = YES;
				GCC_WARN_64_TO_32_BIT_CONVERSION = YES;
				GCC_WARN_ABOUT_RETURN_TYPE = YES_ERROR;
				GCC_WARN_UNDECLARED_SELECTOR = YES;
				GCC_WARN_UNINITIALIZED_AUTOS = YES_AGGRESSIVE;
				GCC_WARN_UNUSED_FUNCTION = YES;
				GCC_WARN_UNUSED_VARIABLE = YES;
				IPHONEOS_DEPLOYMENT_TARGET = 14.4;
				MTL_ENABLE_DEBUG_INFO = NO;
				MTL_FAST_MATH = YES;
				SDKROOT = iphoneos;
				SWIFT_COMPILATION_MODE = wholemodule;
				SWIFT_OPTIMIZATION_LEVEL = "-O";
				VALIDATE_PRODUCT = YES;
			};
			name = Release;
		};
		30EBEB5126376F5500A4E9AB /* Debug */ = {
			isa = XCBuildConfiguration;
			buildSettings = {
				ALWAYS_EMBED_SWIFT_STANDARD_LIBRARIES = YES;
				ASSETCATALOG_COMPILER_APPICON_NAME = AppIcon;
				ASSETCATALOG_COMPILER_GLOBAL_ACCENT_COLOR_NAME = AccentColor;
				CODE_SIGN_ENTITLEMENTS = "Workout Companion/Workout Companion.entitlements";
				CODE_SIGN_IDENTITY = "Apple Development";
				CODE_SIGN_STYLE = Automatic;
				DEVELOPMENT_ASSET_PATHS = "\"Workout Companion/Preview Content\"";
				DEVELOPMENT_TEAM = 4WZFDA97N8;
				ENABLE_PREVIEWS = YES;
				INFOPLIST_FILE = "Workout Companion/Info.plist";
				IPHONEOS_DEPLOYMENT_TARGET = 14.0;
				LD_RUNPATH_SEARCH_PATHS = (
					"$(inherited)",
					"@executable_path/Frameworks",
				);
				PRODUCT_BUNDLE_IDENTIFIER = "MEZ.Workout-Companion";
				PRODUCT_NAME = "$(TARGET_NAME)";
				PROVISIONING_PROFILE_SPECIFIER = "";
				SWIFT_VERSION = 5.0;
				TARGETED_DEVICE_FAMILY = 1;
			};
			name = Debug;
		};
		30EBEB5226376F5500A4E9AB /* Release */ = {
			isa = XCBuildConfiguration;
			buildSettings = {
				ALWAYS_EMBED_SWIFT_STANDARD_LIBRARIES = YES;
				ASSETCATALOG_COMPILER_APPICON_NAME = AppIcon;
				ASSETCATALOG_COMPILER_GLOBAL_ACCENT_COLOR_NAME = AccentColor;
				CODE_SIGN_ENTITLEMENTS = "Workout Companion/Workout Companion.entitlements";
				CODE_SIGN_IDENTITY = "Apple Development";
				CODE_SIGN_STYLE = Automatic;
				DEVELOPMENT_ASSET_PATHS = "\"Workout Companion/Preview Content\"";
				DEVELOPMENT_TEAM = 4WZFDA97N8;
				ENABLE_PREVIEWS = YES;
				INFOPLIST_FILE = "Workout Companion/Info.plist";
				IPHONEOS_DEPLOYMENT_TARGET = 14.0;
				LD_RUNPATH_SEARCH_PATHS = (
					"$(inherited)",
					"@executable_path/Frameworks",
				);
				PRODUCT_BUNDLE_IDENTIFIER = "MEZ.Workout-Companion";
				PRODUCT_NAME = "$(TARGET_NAME)";
				PROVISIONING_PROFILE_SPECIFIER = "";
				SWIFT_VERSION = 5.0;
				TARGETED_DEVICE_FAMILY = 1;
			};
			name = Release;
		};
/* End XCBuildConfiguration section */

/* Begin XCConfigurationList section */
		300B51162640AD25003AD7E8 /* Build configuration list for PBXNativeTarget "WorkoutCompanionWidgetExtension" */ = {
			isa = XCConfigurationList;
			buildConfigurations = (
				300B51142640AD25003AD7E8 /* Debug */,
				300B51152640AD25003AD7E8 /* Release */,
			);
			defaultConfigurationIsVisible = 0;
			defaultConfigurationName = Release;
		};
		30EBEB3C26376F5400A4E9AB /* Build configuration list for PBXProject "Workout Companion" */ = {
			isa = XCConfigurationList;
			buildConfigurations = (
				30EBEB4E26376F5500A4E9AB /* Debug */,
				30EBEB4F26376F5500A4E9AB /* Release */,
			);
			defaultConfigurationIsVisible = 0;
			defaultConfigurationName = Release;
		};
		30EBEB5026376F5500A4E9AB /* Build configuration list for PBXNativeTarget "Workout Companion" */ = {
			isa = XCConfigurationList;
			buildConfigurations = (
				30EBEB5126376F5500A4E9AB /* Debug */,
				30EBEB5226376F5500A4E9AB /* Release */,
			);
			defaultConfigurationIsVisible = 0;
			defaultConfigurationName = Release;
		};
/* End XCConfigurationList section */
	};
	rootObject = 30EBEB3926376F5400A4E9AB /* Project object */;
}
